{
  "name": "Timely",
  "lockfileVersion": 3,
  "requires": true,
  "packages": {
    "": {
      "dependencies": {
        "immutability-helper": "^3.1.1"
      },
      "devDependencies": {
        "electron-react-devtools": "^0.5.3"
      }
    },
    "node_modules/electron-react-devtools": {
      "version": "0.5.3",
      "resolved": "https://registry.npmjs.org/electron-react-devtools/-/electron-react-devtools-0.5.3.tgz",
      "integrity": "sha512-SxrBqoev8x8IXQZib6YB0SI2kUfE6GaRPmXXgVUJdjz541GZbxYzzif0dlrbrbVPkFJOaRJ651wQE2/aJVCmMg==",
      "dev": true
    },
    "node_modules/immutability-helper": {
      "version": "3.1.1",
      "resolved": "https://registry.npmjs.org/immutability-helper/-/immutability-helper-3.1.1.tgz",
      "integrity": "sha512-Q0QaXjPjwIju/28TsugCHNEASwoCcJSyJV3uO1sOIQGI0jKgm9f41Lvz0DZj3n46cNCyAZTsEYoY4C2bVRUzyQ=="
    }
  }
}
